// !$*UTF8*$!
{
	archiveVersion = 1;
	classes = {
	};
	objectVersion = 46;
	objects = {

/* Begin PBXBuildFile section */
		7D70BA511AC0A30200A18F2E /* AppDelegate.m in Sources */ = {isa = PBXBuildFile; fileRef = 7D70BA501AC0A30200A18F2E /* AppDelegate.m */; };
		7D70BA531AC0A30200A18F2E /* main.m in Sources */ = {isa = PBXBuildFile; fileRef = 7D70BA521AC0A30200A18F2E /* main.m */; };
		7D70BA551AC0A30200A18F2E /* Images.xcassets in Resources */ = {isa = PBXBuildFile; fileRef = 7D70BA541AC0A30200A18F2E /* Images.xcassets */; };
		7D70BA581AC0A30200A18F2E /* MainMenu.xib in Resources */ = {isa = PBXBuildFile; fileRef = 7D70BA561AC0A30200A18F2E /* MainMenu.xib */; };
		7D70BA641AC0A30200A18F2E /* sphinx_mac_testTests.m in Sources */ = {isa = PBXBuildFile; fileRef = 7D70BA631AC0A30200A18F2E /* sphinx_mac_testTests.m */; };
/* End PBXBuildFile section */

/* Begin PBXContainerItemProxy section */
		7D70BA5E1AC0A30200A18F2E /* PBXContainerItemProxy */ = {
			isa = PBXContainerItemProxy;
			containerPortal = 7D70BA421AC0A30100A18F2E /* Project object */;
			proxyType = 1;
			remoteGlobalIDString = 7D70BA491AC0A30100A18F2E;
			remoteInfo = "sphinx-mac-test";
		};
/* End PBXContainerItemProxy section */

/* Begin PBXFileReference section */
		7D70BA4A1AC0A30100A18F2E /* sphinx-mac-test.app */ = {isa = PBXFileReference; explicitFileType = wrapper.application; includeInIndex = 0; path = "sphinx-mac-test.app"; sourceTree = BUILT_PRODUCTS_DIR; };
		7D70BA4E1AC0A30200A18F2E /* Info.plist */ = {isa = PBXFileReference; lastKnownFileType = text.plist.xml; path = Info.plist; sourceTree = "<group>"; };
		7D70BA4F1AC0A30200A18F2E /* AppDelegate.h */ = {isa = PBXFileReference; lastKnownFileType = sourcecode.c.h; path = AppDelegate.h; sourceTree = "<group>"; };
		7D70BA501AC0A30200A18F2E /* AppDelegate.m */ = {isa = PBXFileReference; lastKnownFileType = sourcecode.c.objc; path = AppDelegate.m; sourceTree = "<group>"; };
		7D70BA521AC0A30200A18F2E /* main.m */ = {isa = PBXFileReference; lastKnownFileType = sourcecode.c.objc; path = main.m; sourceTree = "<group>"; };
		7D70BA541AC0A30200A18F2E /* Images.xcassets */ = {isa = PBXFileReference; lastKnownFileType = folder.assetcatalog; path = Images.xcassets; sourceTree = "<group>"; };
		7D70BA571AC0A30200A18F2E /* Base */ = {isa = PBXFileReference; lastKnownFileType = file.xib; name = Base; path = Base.lproj/MainMenu.xib; sourceTree = "<group>"; };
		7D70BA5D1AC0A30200A18F2E /* sphinx-mac-testTests.xctest */ = {isa = PBXFileReference; explicitFileType = wrapper.cfbundle; includeInIndex = 0; path = "sphinx-mac-testTests.xctest"; sourceTree = BUILT_PRODUCTS_DIR; };
		7D70BA621AC0A30200A18F2E /* Info.plist */ = {isa = PBXFileReference; lastKnownFileType = text.plist.xml; path = Info.plist; sourceTree = "<group>"; };
		7D70BA631AC0A30200A18F2E /* sphinx_mac_testTests.m */ = {isa = PBXFileReference; lastKnownFileType = sourcecode.c.objc; path = sphinx_mac_testTests.m; sourceTree = "<group>"; };
/* End PBXFileReference section */

/* Begin PBXFrameworksBuildPhase section */
		7D70BA471AC0A30100A18F2E /* Frameworks */ = {
			isa = PBXFrameworksBuildPhase;
			buildActionMask = 2147483647;
			files = (
			);
			runOnlyForDeploymentPostprocessing = 0;
		};
		7D70BA5A1AC0A30200A18F2E /* Frameworks */ = {
			isa = PBXFrameworksBuildPhase;
			buildActionMask = 2147483647;
			files = (
			);
			runOnlyForDeploymentPostprocessing = 0;
		};
/* End PBXFrameworksBuildPhase section */

/* Begin PBXGroup section */
		7D70BA411AC0A30100A18F2E = {
			isa = PBXGroup;
			children = (
				7D70BA4C1AC0A30100A18F2E /* sphinx-mac-test */,
				7D70BA601AC0A30200A18F2E /* sphinx-mac-testTests */,
				7D70BA4B1AC0A30100A18F2E /* Products */,
			);
			sourceTree = "<group>";
		};
		7D70BA4B1AC0A30100A18F2E /* Products */ = {
			isa = PBXGroup;
			children = (
				7D70BA4A1AC0A30100A18F2E /* sphinx-mac-test.app */,
				7D70BA5D1AC0A30200A18F2E /* sphinx-mac-testTests.xctest */,
			);
			name = Products;
			sourceTree = "<group>";
		};
		7D70BA4C1AC0A30100A18F2E /* sphinx-mac-test */ = {
			isa = PBXGroup;
			children = (
				7D70BA4F1AC0A30200A18F2E /* AppDelegate.h */,
				7D70BA501AC0A30200A18F2E /* AppDelegate.m */,
				7D70BA541AC0A30200A18F2E /* Images.xcassets */,
				7D70BA561AC0A30200A18F2E /* MainMenu.xib */,
				7D70BA4D1AC0A30100A18F2E /* Supporting Files */,
			);
			path = "sphinx-mac-test";
			sourceTree = "<group>";
		};
		7D70BA4D1AC0A30100A18F2E /* Supporting Files */ = {
			isa = PBXGroup;
			children = (
				7D70BA4E1AC0A30200A18F2E /* Info.plist */,
				7D70BA521AC0A30200A18F2E /* main.m */,
			);
			name = "Supporting Files";
			sourceTree = "<group>";
		};
		7D70BA601AC0A30200A18F2E /* sphinx-mac-testTests */ = {
			isa = PBXGroup;
			children = (
				7D70BA631AC0A30200A18F2E /* sphinx_mac_testTests.m */,
				7D70BA611AC0A30200A18F2E /* Supporting Files */,
			);
			path = "sphinx-mac-testTests";
			sourceTree = "<group>";
		};
		7D70BA611AC0A30200A18F2E /* Supporting Files */ = {
			isa = PBXGroup;
			children = (
				7D70BA621AC0A30200A18F2E /* Info.plist */,
			);
			name = "Supporting Files";
			sourceTree = "<group>";
		};
/* End PBXGroup section */

/* Begin PBXNativeTarget section */
		7D70BA491AC0A30100A18F2E /* sphinx-mac-test */ = {
			isa = PBXNativeTarget;
			buildConfigurationList = 7D70BA671AC0A30200A18F2E /* Build configuration list for PBXNativeTarget "sphinx-mac-test" */;
			buildPhases = (
				7D70BA461AC0A30100A18F2E /* Sources */,
				7D70BA471AC0A30100A18F2E /* Frameworks */,
				7D70BA481AC0A30100A18F2E /* Resources */,
			);
			buildRules = (
			);
			dependencies = (
			);
			name = "sphinx-mac-test";
			productName = "sphinx-mac-test";
			productReference = 7D70BA4A1AC0A30100A18F2E /* sphinx-mac-test.app */;
			productType = "com.apple.product-type.application";
		};
		7D70BA5C1AC0A30200A18F2E /* sphinx-mac-testTests */ = {
			isa = PBXNativeTarget;
			buildConfigurationList = 7D70BA6A1AC0A30200A18F2E /* Build configuration list for PBXNativeTarget "sphinx-mac-testTests" */;
			buildPhases = (
				7D70BA591AC0A30200A18F2E /* Sources */,
				7D70BA5A1AC0A30200A18F2E /* Frameworks */,
				7D70BA5B1AC0A30200A18F2E /* Resources */,
			);
			buildRules = (
			);
			dependencies = (
				7D70BA5F1AC0A30200A18F2E /* PBXTargetDependency */,
			);
			name = "sphinx-mac-testTests";
			productName = "sphinx-mac-testTests";
			productReference = 7D70BA5D1AC0A30200A18F2E /* sphinx-mac-testTests.xctest */;
			productType = "com.apple.product-type.bundle.unit-test";
		};
/* End PBXNativeTarget section */

/* Begin PBXProject section */
		7D70BA421AC0A30100A18F2E /* Project object */ = {
			isa = PBXProject;
			attributes = {
				LastUpgradeCheck = 0620;
				ORGANIZATIONNAME = "Jamie Bullock";
				TargetAttributes = {
					7D70BA491AC0A30100A18F2E = {
						CreatedOnToolsVersion = 6.2;
					};
					7D70BA5C1AC0A30200A18F2E = {
						CreatedOnToolsVersion = 6.2;
						TestTargetID = 7D70BA491AC0A30100A18F2E;
					};
				};
			};
			buildConfigurationList = 7D70BA451AC0A30100A18F2E /* Build configuration list for PBXProject "sphinx-mac-test" */;
			compatibilityVersion = "Xcode 3.2";
			developmentRegion = English;
			hasScannedForEncodings = 0;
			knownRegions = (
				en,
				Base,
			);
			mainGroup = 7D70BA411AC0A30100A18F2E;
			productRefGroup = 7D70BA4B1AC0A30100A18F2E /* Products */;
			projectDirPath = "";
			projectRoot = "";
			targets = (
				7D70BA491AC0A30100A18F2E /* sphinx-mac-test */,
				7D70BA5C1AC0A30200A18F2E /* sphinx-mac-testTests */,
			);
		};
/* End PBXProject section */

/* Begin PBXResourcesBuildPhase section */
		7D70BA481AC0A30100A18F2E /* Resources */ = {
			isa = PBXResourcesBuildPhase;
			buildActionMask = 2147483647;
			files = (
				7D70BA551AC0A30200A18F2E /* Images.xcassets in Resources */,
				7D70BA581AC0A30200A18F2E /* MainMenu.xib in Resources */,
			);
			runOnlyForDeploymentPostprocessing = 0;
		};
		7D70BA5B1AC0A30200A18F2E /* Resources */ = {
			isa = PBXResourcesBuildPhase;
			buildActionMask = 2147483647;
			files = (
			);
			runOnlyForDeploymentPostprocessing = 0;
		};
/* End PBXResourcesBuildPhase section */

/* Begin PBXSourcesBuildPhase section */
		7D70BA461AC0A30100A18F2E /* Sources */ = {
			isa = PBXSourcesBuildPhase;
			buildActionMask = 2147483647;
			files = (
				7D70BA531AC0A30200A18F2E /* main.m in Sources */,
				7D70BA511AC0A30200A18F2E /* AppDelegate.m in Sources */,
			);
			runOnlyForDeploymentPostprocessing = 0;
		};
		7D70BA591AC0A30200A18F2E /* Sources */ = {
			isa = PBXSourcesBuildPhase;
			buildActionMask = 2147483647;
			files = (
				7D70BA641AC0A30200A18F2E /* sphinx_mac_testTests.m in Sources */,
			);
			runOnlyForDeploymentPostprocessing = 0;
		};
/* End PBXSourcesBuildPhase section */

/* Begin PBXTargetDependency section */
		7D70BA5F1AC0A30200A18F2E /* PBXTargetDependency */ = {
			isa = PBXTargetDependency;
			target = 7D70BA491AC0A30100A18F2E /* sphinx-mac-test */;
			targetProxy = 7D70BA5E1AC0A30200A18F2E /* PBXContainerItemProxy */;
		};
/* End PBXTargetDependency section */

/* Begin PBXVariantGroup section */
		7D70BA561AC0A30200A18F2E /* MainMenu.xib */ = {
			isa = PBXVariantGroup;
			children = (
				7D70BA571AC0A30200A18F2E /* Base */,
			);
			name = MainMenu.xib;
			sourceTree = "<group>";
		};
/* End PBXVariantGroup section */

/* Begin XCBuildConfiguration section */
		7D70BA651AC0A30200A18F2E /* Debug */ = {
			isa = XCBuildConfiguration;
			buildSettings = {
				ALWAYS_SEARCH_USER_PATHS = NO;
				CLANG_CXX_LANGUAGE_STANDARD = "gnu++0x";
				CLANG_CXX_LIBRARY = "libc++";
				CLANG_ENABLE_MODULES = YES;
				CLANG_ENABLE_OBJC_ARC = YES;
				CLANG_WARN_BOOL_CONVERSION = YES;
				CLANG_WARN_CONSTANT_CONVERSION = YES;
				CLANG_WARN_DIRECT_OBJC_ISA_USAGE = YES_ERROR;
				CLANG_WARN_EMPTY_BODY = YES;
				CLANG_WARN_ENUM_CONVERSION = YES;
				CLANG_WARN_INT_CONVERSION = YES;
				CLANG_WARN_OBJC_ROOT_CLASS = YES_ERROR;
				CLANG_WARN_UNREACHABLE_CODE = YES;
				CLANG_WARN__DUPLICATE_METHOD_MATCH = YES;
				CODE_SIGN_IDENTITY = "-";
				COPY_PHASE_STRIP = NO;
				ENABLE_STRICT_OBJC_MSGSEND = YES;
				GCC_C_LANGUAGE_STANDARD = gnu99;
				GCC_DYNAMIC_NO_PIC = NO;
				GCC_OPTIMIZATION_LEVEL = 0;
				GCC_PREPROCESSOR_DEFINITIONS = (
					"DEBUG=1",
					"$(inherited)",
				);
				GCC_SYMBOLS_PRIVATE_EXTERN = NO;
				GCC_WARN_64_TO_32_BIT_CONVERSION = YES;
				GCC_WARN_ABOUT_RETURN_TYPE = YES_ERROR;
				GCC_WARN_UNDECLARED_SELECTOR = YES;
				GCC_WARN_UNINITIALIZED_AUTOS = YES_AGGRESSIVE;
				GCC_WARN_UNUSED_FUNCTION = YES;
				GCC_WARN_UNUSED_VARIABLE = YES;
				MACOSX_DEPLOYMENT_TARGET = 10.10;
				MTL_ENABLE_DEBUG_INFO = YES;
				ONLY_ACTIVE_ARCH = YES;
				SDKROOT = macosx;
			};
			name = Debug;
		};
		7D70BA661AC0A30200A18F2E /* Release */ = {
			isa = XCBuildConfiguration;
			buildSettings = {
				ALWAYS_SEARCH_USER_PATHS = NO;
				CLANG_CXX_LANGUAGE_STANDARD = "gnu++0x";
				CLANG_CXX_LIBRARY = "libc++";
				CLANG_ENABLE_MODULES = YES;
				CLANG_ENABLE_OBJC_ARC = YES;
				CLANG_WARN_BOOL_CONVERSION = YES;
				CLANG_WARN_CONSTANT_CONVERSION = YES;
				CLANG_WARN_DIRECT_OBJC_ISA_USAGE = YES_ERROR;
				CLANG_WARN_EMPTY_BODY = YES;
				CLANG_WARN_ENUM_CONVERSION = YES;
				CLANG_WARN_INT_CONVERSION = YES;
				CLANG_WARN_OBJC_ROOT_CLASS = YES_ERROR;
				CLANG_WARN_UNREACHABLE_CODE = YES;
				CLANG_WARN__DUPLICATE_METHOD_MATCH = YES;
				CODE_SIGN_IDENTITY = "-";
				COPY_PHASE_STRIP = NO;
				DEBUG_INFORMATION_FORMAT = "dwarf-with-dsym";
				ENABLE_NS_ASSERTIONS = NO;
				ENABLE_STRICT_OBJC_MSGSEND = YES;
				GCC_C_LANGUAGE_STANDARD = gnu99;
				GCC_WARN_64_TO_32_BIT_CONVERSION = YES;
				GCC_WARN_ABOUT_RETURN_TYPE = YES_ERROR;
				GCC_WARN_UNDECLARED_SELECTOR = YES;
				GCC_WARN_UNINITIALIZED_AUTOS = YES_AGGRESSIVE;
				GCC_WARN_UNUSED_FUNCTION = YES;
				GCC_WARN_UNUSED_VARIABLE = YES;
				MACOSX_DEPLOYMENT_TARGET = 10.10;
				MTL_ENABLE_DEBUG_INFO = NO;
				SDKROOT = macosx;
			};
			name = Release;
		};
		7D70BA681AC0A30200A18F2E /* Debug */ = {
			isa = XCBuildConfiguration;
			buildSettings = {
				ASSETCATALOG_COMPILER_APPICON_NAME = AppIcon;
				COMBINE_HIDPI_IMAGES = YES;
				INFOPLIST_FILE = "sphinx-mac-test/Info.plist";
				LD_RUNPATH_SEARCH_PATHS = "$(inherited) @executable_path/../Frameworks";
				PRODUCT_NAME = "$(TARGET_NAME)";
			};
			name = Debug;
		};
		7D70BA691AC0A30200A18F2E /* Release */ = {
			isa = XCBuildConfiguration;
			buildSettings = {
				ASSETCATALOG_COMPILER_APPICON_NAME = AppIcon;
				COMBINE_HIDPI_IMAGES = YES;
				INFOPLIST_FILE = "sphinx-mac-test/Info.plist";
				LD_RUNPATH_SEARCH_PATHS = "$(inherited) @executable_path/../Frameworks";
				PRODUCT_NAME = "$(TARGET_NAME)";
			};
			name = Release;
		};
		7D70BA6B1AC0A30200A18F2E /* Debug */ = {
			isa = XCBuildConfiguration;
			buildSettings = {
				BUNDLE_LOADER = "$(TEST_HOST)";
				COMBINE_HIDPI_IMAGES = YES;
				FRAMEWORK_SEARCH_PATHS = (
					"$(DEVELOPER_FRAMEWORKS_DIR)",
					"$(inherited)",
				);
				GCC_PREPROCESSOR_DEFINITIONS = (
					"DEBUG=1",
					"$(inherited)",
				);
				INFOPLIST_FILE = "sphinx-mac-testTests/Info.plist";
				LD_RUNPATH_SEARCH_PATHS = "$(inherited) @executable_path/../Frameworks @loader_path/../Frameworks";
				PRODUCT_NAME = "$(TARGET_NAME)";
				TEST_HOST = "$(BUILT_PRODUCTS_DIR)/sphinx-mac-test.app/Contents/MacOS/sphinx-mac-test";
			};
			name = Debug;
		};
		7D70BA6C1AC0A30200A18F2E /* Release */ = {
			isa = XCBuildConfiguration;
			buildSettings = {
				BUNDLE_LOADER = "$(TEST_HOST)";
				COMBINE_HIDPI_IMAGES = YES;
				FRAMEWORK_SEARCH_PATHS = (
					"$(DEVELOPER_FRAMEWORKS_DIR)",
					"$(inherited)",
				);
				INFOPLIST_FILE = "sphinx-mac-testTests/Info.plist";
				LD_RUNPATH_SEARCH_PATHS = "$(inherited) @executable_path/../Frameworks @loader_path/../Frameworks";
				PRODUCT_NAME = "$(TARGET_NAME)";
				TEST_HOST = "$(BUILT_PRODUCTS_DIR)/sphinx-mac-test.app/Contents/MacOS/sphinx-mac-test";
			};
			name = Release;
		};
/* End XCBuildConfiguration section */

/* Begin XCConfigurationList section */
		7D70BA451AC0A30100A18F2E /* Build configuration list for PBXProject "sphinx-mac-test" */ = {
			isa = XCConfigurationList;
			buildConfigurations = (
				7D70BA651AC0A30200A18F2E /* Debug */,
				7D70BA661AC0A30200A18F2E /* Release */,
			);
			defaultConfigurationIsVisible = 0;
			defaultConfigurationName = Release;
		};
		7D70BA671AC0A30200A18F2E /* Build configuration list for PBXNativeTarget "sphinx-mac-test" */ = {
			isa = XCConfigurationList;
			buildConfigurations = (
				7D70BA681AC0A30200A18F2E /* Debug */,
				7D70BA691AC0A30200A18F2E /* Release */,
			);
			defaultConfigurationIsVisible = 0;
		};
		7D70BA6A1AC0A30200A18F2E /* Build configuration list for PBXNativeTarget "sphinx-mac-testTests" */ = {
			isa = XCConfigurationList;
			buildConfigurations = (
				7D70BA6B1AC0A30200A18F2E /* Debug */,
				7D70BA6C1AC0A30200A18F2E /* Release */,
			);
			defaultConfigurationIsVisible = 0;
		};
/* End XCConfigurationList section */
	};
	rootObject = 7D70BA421AC0A30100A18F2E /* Project object */;
}
